
Microsoft Visual Studio Solution File, Format Version 12.00
Project("{FAE04EC0-301F-11D3-BF4B-00C04F79EFBC}") = "term3lab4", "term3lab4\term3lab4.csproj", "{562D02B1-3112-4DDC-9427-92A4EE818CC4}"
EndProject
Global
	GlobalSection(SolutionConfigurationPlatforms) = preSolution
		Debug|Any CPU = Debug|Any CPU
		Release|Any CPU = Release|Any CPU
	EndGlobalSection
	GlobalSection(ProjectConfigurationPlatforms) = postSolution
		{562D02B1-3112-4DDC-9427-92A4EE818CC4}.Debug|Any CPU.ActiveCfg = Debug|Any CPU
		{562D02B1-3112-4DDC-9427-92A4EE818CC4}.Debug|Any CPU.Build.0 = Debug|Any CPU
		{562D02B1-3112-4DDC-9427-92A4EE818CC4}.Release|Any CPU.ActiveCfg = Release|Any CPU
		{562D02B1-3112-4DDC-9427-92A4EE818CC4}.Release|Any CPU.Build.0 = Release|Any CPU
	EndGlobalSection
EndGlobal
